// !$*UTF8*$!
{
	archiveVersion = 1;
	classes = {
	};
	objectVersion = 46;
	objects = {

/* Begin PBXBuildFile section */
		611ED1151CB70D39005B5563 /* AppDelegate.swift in Sources */ = {isa = PBXBuildFile; fileRef = 611ED1141CB70D39005B5563 /* AppDelegate.swift */; };
		611ED1171CB70D39005B5563 /* ViewController.swift in Sources */ = {isa = PBXBuildFile; fileRef = 611ED1161CB70D39005B5563 /* ViewController.swift */; };
		611ED11A1CB70D39005B5563 /* Main.storyboard in Resources */ = {isa = PBXBuildFile; fileRef = 611ED1181CB70D39005B5563 /* Main.storyboard */; };
		611ED11C1CB70D39005B5563 /* Assets.xcassets in Resources */ = {isa = PBXBuildFile; fileRef = 611ED11B1CB70D39005B5563 /* Assets.xcassets */; };
		611ED11F1CB70D39005B5563 /* LaunchScreen.storyboard in Resources */ = {isa = PBXBuildFile; fileRef = 611ED11D1CB70D39005B5563 /* LaunchScreen.storyboard */; };
		61946EF51CB9F93C00C86F46 /* PasscodeLockViewController.swift in Sources */ = {isa = PBXBuildFile; fileRef = 61946EF41CB9F93C00C86F46 /* PasscodeLockViewController.swift */; };
		61946EF71CB9F96100C86F46 /* PasscodePresenter.swift in Sources */ = {isa = PBXBuildFile; fileRef = 61946EF61CB9F96100C86F46 /* PasscodePresenter.swift */; };
		61946EF91CB9F99200C86F46 /* Extensions.swift in Sources */ = {isa = PBXBuildFile; fileRef = 61946EF81CB9F99200C86F46 /* Extensions.swift */; };
		61946EFB1CBA001000C86F46 /* PasscodeNumberButton.swift in Sources */ = {isa = PBXBuildFile; fileRef = 61946EFA1CBA001000C86F46 /* PasscodeNumberButton.swift */; };
		61ABF04B1CBABB3A00D1B443 /* PasscodeStyleView.swift in Sources */ = {isa = PBXBuildFile; fileRef = 61ABF04A1CBABB3A00D1B443 /* PasscodeStyleView.swift */; };
		61ABF04D1CBABB6C00D1B443 /* PasscodeNumberInputted.swift in Sources */ = {isa = PBXBuildFile; fileRef = 61ABF04C1CBABB6C00D1B443 /* PasscodeNumberInputted.swift */; };
		61ABF0551CBBFF7500D1B443 /* PasscodeLockViewController+Animations.swift in Sources */ = {isa = PBXBuildFile; fileRef = 61ABF0541CBBFF7500D1B443 /* PasscodeLockViewController+Animations.swift */; };
		61BC3F611CCD502900C16A8F /* PasscodeObstructionView.swift in Sources */ = {isa = PBXBuildFile; fileRef = 61BC3F601CCD502900C16A8F /* PasscodeObstructionView.swift */; };
		821815A7A0F65AF748F9E7E0 /* Pods_RxPasscode.framework in Frameworks */ = {isa = PBXBuildFile; fileRef = 5D4551E770E265DFC12E1794 /* Pods_RxPasscode.framework */; };
/* End PBXBuildFile section */

/* Begin PBXFileReference section */
		5D4551E770E265DFC12E1794 /* Pods_RxPasscode.framework */ = {isa = PBXFileReference; explicitFileType = wrapper.framework; includeInIndex = 0; path = Pods_RxPasscode.framework; sourceTree = BUILT_PRODUCTS_DIR; };
		611ED1111CB70D39005B5563 /* RxPasscode.app */ = {isa = PBXFileReference; explicitFileType = wrapper.application; includeInIndex = 0; path = RxPasscode.app; sourceTree = BUILT_PRODUCTS_DIR; };
		611ED1141CB70D39005B5563 /* AppDelegate.swift */ = {isa = PBXFileReference; lastKnownFileType = sourcecode.swift; path = AppDelegate.swift; sourceTree = "<group>"; };
		611ED1161CB70D39005B5563 /* ViewController.swift */ = {isa = PBXFileReference; lastKnownFileType = sourcecode.swift; path = ViewController.swift; sourceTree = "<group>"; };
		611ED1191CB70D39005B5563 /* Base */ = {isa = PBXFileReference; lastKnownFileType = file.storyboard; name = Base; path = Base.lproj/Main.storyboard; sourceTree = "<group>"; };
		611ED11B1CB70D39005B5563 /* Assets.xcassets */ = {isa = PBXFileReference; lastKnownFileType = folder.assetcatalog; path = Assets.xcassets; sourceTree = "<group>"; };
		611ED11E1CB70D39005B5563 /* Base */ = {isa = PBXFileReference; lastKnownFileType = file.storyboard; name = Base; path = Base.lproj/LaunchScreen.storyboard; sourceTree = "<group>"; };
		611ED1201CB70D39005B5563 /* Info.plist */ = {isa = PBXFileReference; lastKnownFileType = text.plist.xml; path = Info.plist; sourceTree = "<group>"; };
		61946EF41CB9F93C00C86F46 /* PasscodeLockViewController.swift */ = {isa = PBXFileReference; fileEncoding = 4; lastKnownFileType = sourcecode.swift; path = PasscodeLockViewController.swift; sourceTree = "<group>"; };
		61946EF61CB9F96100C86F46 /* PasscodePresenter.swift */ = {isa = PBXFileReference; fileEncoding = 4; lastKnownFileType = sourcecode.swift; path = PasscodePresenter.swift; sourceTree = "<group>"; };
		61946EF81CB9F99200C86F46 /* Extensions.swift */ = {isa = PBXFileReference; fileEncoding = 4; lastKnownFileType = sourcecode.swift; path = Extensions.swift; sourceTree = "<group>"; };
		61946EFA1CBA001000C86F46 /* PasscodeNumberButton.swift */ = {isa = PBXFileReference; fileEncoding = 4; lastKnownFileType = sourcecode.swift; path = PasscodeNumberButton.swift; sourceTree = "<group>"; };
		61ABF04A1CBABB3A00D1B443 /* PasscodeStyleView.swift */ = {isa = PBXFileReference; fileEncoding = 4; lastKnownFileType = sourcecode.swift; path = PasscodeStyleView.swift; sourceTree = "<group>"; };
		61ABF04C1CBABB6C00D1B443 /* PasscodeNumberInputted.swift */ = {isa = PBXFileReference; fileEncoding = 4; lastKnownFileType = sourcecode.swift; path = PasscodeNumberInputted.swift; sourceTree = "<group>"; };
		61ABF0541CBBFF7500D1B443 /* PasscodeLockViewController+Animations.swift */ = {isa = PBXFileReference; fileEncoding = 4; lastKnownFileType = sourcecode.swift; path = "PasscodeLockViewController+Animations.swift"; sourceTree = "<group>"; };
		61BC3F601CCD502900C16A8F /* PasscodeObstructionView.swift */ = {isa = PBXFileReference; fileEncoding = 4; lastKnownFileType = sourcecode.swift; path = PasscodeObstructionView.swift; sourceTree = "<group>"; };
		6427CC487F6ACF74BB2E24F9 /* Pods-RxPasscode.release.xcconfig */ = {isa = PBXFileReference; includeInIndex = 1; lastKnownFileType = text.xcconfig; name = "Pods-RxPasscode.release.xcconfig"; path = "Pods/Target Support Files/Pods-RxPasscode/Pods-RxPasscode.release.xcconfig"; sourceTree = "<group>"; };
		C150201CA9E2424BBDEFD3A7 /* Pods-RxPasscode.debug.xcconfig */ = {isa = PBXFileReference; includeInIndex = 1; lastKnownFileType = text.xcconfig; name = "Pods-RxPasscode.debug.xcconfig"; path = "Pods/Target Support Files/Pods-RxPasscode/Pods-RxPasscode.debug.xcconfig"; sourceTree = "<group>"; };
/* End PBXFileReference section */

/* Begin PBXFrameworksBuildPhase section */
		611ED10E1CB70D39005B5563 /* Frameworks */ = {
			isa = PBXFrameworksBuildPhase;
			buildActionMask = 2147483647;
			files = (
				821815A7A0F65AF748F9E7E0 /* Pods_RxPasscode.framework in Frameworks */,
			);
			runOnlyForDeploymentPostprocessing = 0;
		};
/* End PBXFrameworksBuildPhase section */

/* Begin PBXGroup section */
		611ED1081CB70D39005B5563 = {
			isa = PBXGroup;
			children = (
				611ED1131CB70D39005B5563 /* RxPasscode */,
				611ED1121CB70D39005B5563 /* Products */,
				6E0FFBBBD0FE068E0510DC3E /* Pods */,
				E139C6772437AB57FAFB0C53 /* Frameworks */,
			);
			sourceTree = "<group>";
		};
		611ED1121CB70D39005B5563 /* Products */ = {
			isa = PBXGroup;
			children = (
				611ED1111CB70D39005B5563 /* RxPasscode.app */,
			);
			name = Products;
			sourceTree = "<group>";
		};
		611ED1131CB70D39005B5563 /* RxPasscode */ = {
			isa = PBXGroup;
			children = (
				61946EF81CB9F99200C86F46 /* Extensions.swift */,
				61ABF07A1CBC219B00D1B443 /* Passcode control */,
				61ABF0791CBC218D00D1B443 /* Views */,
				611ED1141CB70D39005B5563 /* AppDelegate.swift */,
				611ED1161CB70D39005B5563 /* ViewController.swift */,
				611ED1181CB70D39005B5563 /* Main.storyboard */,
				611ED11B1CB70D39005B5563 /* Assets.xcassets */,
				611ED11D1CB70D39005B5563 /* LaunchScreen.storyboard */,
				611ED1201CB70D39005B5563 /* Info.plist */,
			);
			path = RxPasscode;
			sourceTree = "<group>";
		};
		61ABF0791CBC218D00D1B443 /* Views */ = {
			isa = PBXGroup;
			children = (
				61ABF04C1CBABB6C00D1B443 /* PasscodeNumberInputted.swift */,
				61ABF04A1CBABB3A00D1B443 /* PasscodeStyleView.swift */,
				61BC3F601CCD502900C16A8F /* PasscodeObstructionView.swift */,
				61946EFA1CBA001000C86F46 /* PasscodeNumberButton.swift */,
			);
			name = Views;
			sourceTree = "<group>";
		};
		61ABF07A1CBC219B00D1B443 /* Passcode control */ = {
			isa = PBXGroup;
			children = (
				61ABF0541CBBFF7500D1B443 /* PasscodeLockViewController+Animations.swift */,
				61946EF41CB9F93C00C86F46 /* PasscodeLockViewController.swift */,
				61946EF61CB9F96100C86F46 /* PasscodePresenter.swift */,
			);
			name = "Passcode control";
			sourceTree = "<group>";
		};
		6E0FFBBBD0FE068E0510DC3E /* Pods */ = {
			isa = PBXGroup;
			children = (
				C150201CA9E2424BBDEFD3A7 /* Pods-RxPasscode.debug.xcconfig */,
				6427CC487F6ACF74BB2E24F9 /* Pods-RxPasscode.release.xcconfig */,
			);
			name = Pods;
			sourceTree = "<group>";
		};
		E139C6772437AB57FAFB0C53 /* Frameworks */ = {
			isa = PBXGroup;
			children = (
				5D4551E770E265DFC12E1794 /* Pods_RxPasscode.framework */,
			);
			name = Frameworks;
			sourceTree = "<group>";
		};
/* End PBXGroup section */

/* Begin PBXNativeTarget section */
		611ED1101CB70D39005B5563 /* RxPasscode */ = {
			isa = PBXNativeTarget;
			buildConfigurationList = 611ED1231CB70D39005B5563 /* Build configuration list for PBXNativeTarget "RxPasscode" */;
			buildPhases = (
				A9A1C88F555C7ED558DF9B0A /* Check Pods Manifest.lock */,
				611ED10D1CB70D39005B5563 /* Sources */,
				611ED10E1CB70D39005B5563 /* Frameworks */,
				611ED10F1CB70D39005B5563 /* Resources */,
				A5531BD5936806D9B5CA64B8 /* Embed Pods Frameworks */,
				D51D773403E0F20542BB08FF /* Copy Pods Resources */,
			);
			buildRules = (
			);
			dependencies = (
			);
			name = RxPasscode;
			productName = RxPasscode;
			productReference = 611ED1111CB70D39005B5563 /* RxPasscode.app */;
			productType = "com.apple.product-type.application";
		};
/* End PBXNativeTarget section */

/* Begin PBXProject section */
		611ED1091CB70D39005B5563 /* Project object */ = {
			isa = PBXProject;
			attributes = {
				LastSwiftUpdateCheck = 0730;
				LastUpgradeCheck = 0730;
				ORGANIZATIONNAME = RxPasscode;
				TargetAttributes = {
					611ED1101CB70D39005B5563 = {
						CreatedOnToolsVersion = 7.3;
					};
				};
			};
			buildConfigurationList = 611ED10C1CB70D39005B5563 /* Build configuration list for PBXProject "RxPasscode" */;
			compatibilityVersion = "Xcode 3.2";
			developmentRegion = English;
			hasScannedForEncodings = 0;
			knownRegions = (
				en,
				Base,
			);
			mainGroup = 611ED1081CB70D39005B5563;
			productRefGroup = 611ED1121CB70D39005B5563 /* Products */;
			projectDirPath = "";
			projectRoot = "";
			targets = (
				611ED1101CB70D39005B5563 /* RxPasscode */,
			);
		};
/* End PBXProject section */

/* Begin PBXResourcesBuildPhase section */
		611ED10F1CB70D39005B5563 /* Resources */ = {
			isa = PBXResourcesBuildPhase;
			buildActionMask = 2147483647;
			files = (
				611ED11F1CB70D39005B5563 /* LaunchScreen.storyboard in Resources */,
				611ED11C1CB70D39005B5563 /* Assets.xcassets in Resources */,
				611ED11A1CB70D39005B5563 /* Main.storyboard in Resources */,
			);
			runOnlyForDeploymentPostprocessing = 0;
		};
/* End PBXResourcesBuildPhase section */

/* Begin PBXShellScriptBuildPhase section */
		A5531BD5936806D9B5CA64B8 /* Embed Pods Frameworks */ = {
			isa = PBXShellScriptBuildPhase;
			buildActionMask = 2147483647;
			files = (
			);
			inputPaths = (
			);
			name = "Embed Pods Frameworks";
			outputPaths = (
			);
			runOnlyForDeploymentPostprocessing = 0;
			shellPath = /bin/sh;
			shellScript = "\"${SRCROOT}/Pods/Target Support Files/Pods-RxPasscode/Pods-RxPasscode-frameworks.sh\"\n";
			showEnvVarsInLog = 0;
		};
		A9A1C88F555C7ED558DF9B0A /* Check Pods Manifest.lock */ = {
			isa = PBXShellScriptBuildPhase;
			buildActionMask = 2147483647;
			files = (
			);
			inputPaths = (
			);
			name = "Check Pods Manifest.lock";
			outputPaths = (
			);
			runOnlyForDeploymentPostprocessing = 0;
			shellPath = /bin/sh;
			shellScript = "diff \"${PODS_ROOT}/../Podfile.lock\" \"${PODS_ROOT}/Manifest.lock\" > /dev/null\nif [[ $? != 0 ]] ; then\n    cat << EOM\nerror: The sandbox is not in sync with the Podfile.lock. Run 'pod install' or update your CocoaPods installation.\nEOM\n    exit 1\nfi\n";
			showEnvVarsInLog = 0;
		};
		D51D773403E0F20542BB08FF /* Copy Pods Resources */ = {
			isa = PBXShellScriptBuildPhase;
			buildActionMask = 2147483647;
			files = (
			);
			inputPaths = (
			);
			name = "Copy Pods Resources";
			outputPaths = (
			);
			runOnlyForDeploymentPostprocessing = 0;
			shellPath = /bin/sh;
			shellScript = "\"${SRCROOT}/Pods/Target Support Files/Pods-RxPasscode/Pods-RxPasscode-resources.sh\"\n";
			showEnvVarsInLog = 0;
		};
/* End PBXShellScriptBuildPhase section */

/* Begin PBXSourcesBuildPhase section */
		611ED10D1CB70D39005B5563 /* Sources */ = {
			isa = PBXSourcesBuildPhase;
			buildActionMask = 2147483647;
			files = (
				61946EFB1CBA001000C86F46 /* PasscodeNumberButton.swift in Sources */,
				61946EF91CB9F99200C86F46 /* Extensions.swift in Sources */,
				61946EF71CB9F96100C86F46 /* PasscodePresenter.swift in Sources */,
				611ED1171CB70D39005B5563 /* ViewController.swift in Sources */,
				61ABF04B1CBABB3A00D1B443 /* PasscodeStyleView.swift in Sources */,
				61BC3F611CCD502900C16A8F /* PasscodeObstructionView.swift in Sources */,
				61ABF0551CBBFF7500D1B443 /* PasscodeLockViewController+Animations.swift in Sources */,
				611ED1151CB70D39005B5563 /* AppDelegate.swift in Sources */,
				61946EF51CB9F93C00C86F46 /* PasscodeLockViewController.swift in Sources */,
				61ABF04D1CBABB6C00D1B443 /* PasscodeNumberInputted.swift in Sources */,
			);
			runOnlyForDeploymentPostprocessing = 0;
		};
/* End PBXSourcesBuildPhase section */

/* Begin PBXVariantGroup section */
		611ED1181CB70D39005B5563 /* Main.storyboard */ = {
			isa = PBXVariantGroup;
			children = (
				611ED1191CB70D39005B5563 /* Base */,
			);
			name = Main.storyboard;
			sourceTree = "<group>";
		};
		611ED11D1CB70D39005B5563 /* LaunchScreen.storyboard */ = {
			isa = PBXVariantGroup;
			children = (
				611ED11E1CB70D39005B5563 /* Base */,
			);
			name = LaunchScreen.storyboard;
			sourceTree = "<group>";
		};
/* End PBXVariantGroup section */

/* Begin XCBuildConfiguration section */
		611ED1211CB70D39005B5563 /* Debug */ = {
			isa = XCBuildConfiguration;
			buildSettings = {
				ALWAYS_SEARCH_USER_PATHS = NO;
				CLANG_ANALYZER_NONNULL = YES;
				CLANG_CXX_LANGUAGE_STANDARD = "gnu++0x";
				CLANG_CXX_LIBRARY = "libc++";
				CLANG_ENABLE_MODULES = YES;
				CLANG_ENABLE_OBJC_ARC = YES;
				CLANG_WARN_BOOL_CONVERSION = YES;
				CLANG_WARN_CONSTANT_CONVERSION = YES;
				CLANG_WARN_DIRECT_OBJC_ISA_USAGE = YES_ERROR;
				CLANG_WARN_EMPTY_BODY = YES;
				CLANG_WARN_ENUM_CONVERSION = YES;
				CLANG_WARN_INT_CONVERSION = YES;
				CLANG_WARN_OBJC_ROOT_CLASS = YES_ERROR;
				CLANG_WARN_UNREACHABLE_CODE = YES;
				CLANG_WARN__DUPLICATE_METHOD_MATCH = YES;
				"CODE_SIGN_IDENTITY[sdk=iphoneos*]" = "iPhone Developer";
				COPY_PHASE_STRIP = NO;
				DEBUG_INFORMATION_FORMAT = dwarf;
				ENABLE_STRICT_OBJC_MSGSEND = YES;
				ENABLE_TESTABILITY = YES;
				GCC_C_LANGUAGE_STANDARD = gnu99;
				GCC_DYNAMIC_NO_PIC = NO;
				GCC_NO_COMMON_BLOCKS = YES;
				GCC_OPTIMIZATION_LEVEL = 0;
				GCC_PREPROCESSOR_DEFINITIONS = (
					"DEBUG=1",
					"$(inherited)",
				);
				GCC_WARN_64_TO_32_BIT_CONVERSION = YES;
				GCC_WARN_ABOUT_RETURN_TYPE = YES_ERROR;
				GCC_WARN_UNDECLARED_SELECTOR = YES;
				GCC_WARN_UNINITIALIZED_AUTOS = YES_AGGRESSIVE;
				GCC_WARN_UNUSED_FUNCTION = YES;
				GCC_WARN_UNUSED_VARIABLE = YES;
				IPHONEOS_DEPLOYMENT_TARGET = 9.3;
				MTL_ENABLE_DEBUG_INFO = YES;
				ONLY_ACTIVE_ARCH = YES;
				SDKROOT = iphoneos;
				SWIFT_OPTIMIZATION_LEVEL = "-Onone";
			};
			name = Debug;
		};
		611ED1221CB70D39005B5563 /* Release */ = {
			isa = XCBuildConfiguration;
			buildSettings = {
				ALWAYS_SEARCH_USER_PATHS = NO;
				CLANG_ANALYZER_NONNULL = YES;
				CLANG_CXX_LANGUAGE_STANDARD = "gnu++0x";
				CLANG_CXX_LIBRARY = "libc++";
				CLANG_ENABLE_MODULES = YES;
				CLANG_ENABLE_OBJC_ARC = YES;
				CLANG_WARN_BOOL_CONVERSION = YES;
				CLANG_WARN_CONSTANT_CONVERSION = YES;
				CLANG_WARN_DIRECT_OBJC_ISA_USAGE = YES_ERROR;
				CLANG_WARN_EMPTY_BODY = YES;
				CLANG_WARN_ENUM_CONVERSION = YES;
				CLANG_WARN_INT_CONVERSION = YES;
				CLANG_WARN_OBJC_ROOT_CLASS = YES_ERROR;
				CLANG_WARN_UNREACHABLE_CODE = YES;
				CLANG_WARN__DUPLICATE_METHOD_MATCH = YES;
				"CODE_SIGN_IDENTITY[sdk=iphoneos*]" = "iPhone Developer";
				COPY_PHASE_STRIP = NO;
				DEBUG_INFORMATION_FORMAT = "dwarf-with-dsym";
				ENABLE_NS_ASSERTIONS = NO;
				ENABLE_STRICT_OBJC_MSGSEND = YES;
				GCC_C_LANGUAGE_STANDARD = gnu99;
				GCC_NO_COMMON_BLOCKS = YES;
				GCC_WARN_64_TO_32_BIT_CONVERSION = YES;
				GCC_WARN_ABOUT_RETURN_TYPE = YES_ERROR;
				GCC_WARN_UNDECLARED_SELECTOR = YES;
				GCC_WARN_UNINITIALIZED_AUTOS = YES_AGGRESSIVE;
				GCC_WARN_UNUSED_FUNCTION = YES;
				GCC_WARN_UNUSED_VARIABLE = YES;
				IPHONEOS_DEPLOYMENT_TARGET = 9.3;
				MTL_ENABLE_DEBUG_INFO = NO;
				SDKROOT = iphoneos;
				VALIDATE_PRODUCT = YES;
			};
			name = Release;
		};
		611ED1241CB70D39005B5563 /* Debug */ = {
			isa = XCBuildConfiguration;
			baseConfigurationReference = C150201CA9E2424BBDEFD3A7 /* Pods-RxPasscode.debug.xcconfig */;
			buildSettings = {
				ASSETCATALOG_COMPILER_APPICON_NAME = AppIcon;
				INFOPLIST_FILE = RxPasscode/Info.plist;
				LD_RUNPATH_SEARCH_PATHS = "$(inherited) @executable_path/Frameworks";
				PRODUCT_BUNDLE_IDENTIFIER = co.amleszk.rxpasscode.RxPasscode;
				PRODUCT_NAME = "$(TARGET_NAME)";
				TARGETED_DEVICE_FAMILY = "1,2";
			};
			name = Debug;
		};
		611ED1251CB70D39005B5563 /* Release */ = {
			isa = XCBuildConfiguration;
			baseConfigurationReference = 6427CC487F6ACF74BB2E24F9 /* Pods-RxPasscode.release.xcconfig */;
			buildSettings = {
				ASSETCATALOG_COMPILER_APPICON_NAME = AppIcon;
				INFOPLIST_FILE = RxPasscode/Info.plist;
				LD_RUNPATH_SEARCH_PATHS = "$(inherited) @executable_path/Frameworks";
				PRODUCT_BUNDLE_IDENTIFIER = co.amleszk.rxpasscode.RxPasscode;
				PRODUCT_NAME = "$(TARGET_NAME)";
				TARGETED_DEVICE_FAMILY = "1,2";
			};
			name = Release;
		};
/* End XCBuildConfiguration section */

/* Begin XCConfigurationList section */
		611ED10C1CB70D39005B5563 /* Build configuration list for PBXProject "RxPasscode" */ = {
			isa = XCConfigurationList;
			buildConfigurations = (
				611ED1211CB70D39005B5563 /* Debug */,
				611ED1221CB70D39005B5563 /* Release */,
			);
			defaultConfigurationIsVisible = 0;
			defaultConfigurationName = Release;
		};
		611ED1231CB70D39005B5563 /* Build configuration list for PBXNativeTarget "RxPasscode" */ = {
			isa = XCConfigurationList;
			buildConfigurations = (
				611ED1241CB70D39005B5563 /* Debug */,
				611ED1251CB70D39005B5563 /* Release */,
			);
			defaultConfigurationIsVisible = 0;
			defaultConfigurationName = Release;
		};
/* End XCConfigurationList section */
	};
	rootObject = 611ED1091CB70D39005B5563 /* Project object */;
}
