// !$*UTF8*$!
{
	archiveVersion = 1;
	classes = {
	};
	objectVersion = 46;
	objects = {

/* Begin PBXBuildFile section */
		611ED1151CB70D39005B5563 /* AppDelegate.swift in Sources */ = {isa = PBXBuildFile; fileRef = 611ED1141CB70D39005B5563 /* AppDelegate.swift */; };
		611ED1171CB70D39005B5563 /* ViewController.swift in Sources */ = {isa = PBXBuildFile; fileRef = 611ED1161CB70D39005B5563 /* ViewController.swift */; };
		611ED11A1CB70D39005B5563 /* Main.storyboard in Resources */ = {isa = PBXBuildFile; fileRef = 611ED1181CB70D39005B5563 /* Main.storyboard */; };
		611ED11C1CB70D39005B5563 /* Assets.xcassets in Resources */ = {isa = PBXBuildFile; fileRef = 611ED11B1CB70D39005B5563 /* Assets.xcassets */; };
		611ED11F1CB70D39005B5563 /* LaunchScreen.storyboard in Resources */ = {isa = PBXBuildFile; fileRef = 611ED11D1CB70D39005B5563 /* LaunchScreen.storyboard */; };
/* End PBXBuildFile section */

/* Begin PBXFileReference section */
		611ED1111CB70D39005B5563 /* RxPasscode.app */ = {isa = PBXFileReference; explicitFileType = wrapper.application; includeInIndex = 0; path = RxPasscode.app; sourceTree = BUILT_PRODUCTS_DIR; };
		611ED1141CB70D39005B5563 /* AppDelegate.swift */ = {isa = PBXFileReference; lastKnownFileType = sourcecode.swift; path = AppDelegate.swift; sourceTree = "<group>"; };
		611ED1161CB70D39005B5563 /* ViewController.swift */ = {isa = PBXFileReference; lastKnownFileType = sourcecode.swift; path = ViewController.swift; sourceTree = "<group>"; };
		611ED1191CB70D39005B5563 /* Base */ = {isa = PBXFileReference; lastKnownFileType = file.storyboard; name = Base; path = Base.lproj/Main.storyboard; sourceTree = "<group>"; };
		611ED11B1CB70D39005B5563 /* Assets.xcassets */ = {isa = PBXFileReference; lastKnownFileType = folder.assetcatalog; path = Assets.xcassets; sourceTree = "<group>"; };
		611ED11E1CB70D39005B5563 /* Base */ = {isa = PBXFileReference; lastKnownFileType = file.storyboard; name = Base; path = Base.lproj/LaunchScreen.storyboard; sourceTree = "<group>"; };
		611ED1201CB70D39005B5563 /* Info.plist */ = {isa = PBXFileReference; lastKnownFileType = text.plist.xml; path = Info.plist; sourceTree = "<group>"; };
/* End PBXFileReference section */

/* Begin PBXFrameworksBuildPhase section */
		611ED10E1CB70D39005B5563 /* Frameworks */ = {
			isa = PBXFrameworksBuildPhase;
			buildActionMask = 2147483647;
			files = (
			);
			runOnlyForDeploymentPostprocessing = 0;
		};
/* End PBXFrameworksBuildPhase section */

/* Begin PBXGroup section */
		611ED1081CB70D39005B5563 = {
			isa = PBXGroup;
			children = (
				611ED1131CB70D39005B5563 /* RxPasscode */,
				611ED1121CB70D39005B5563 /* Products */,
			);
			sourceTree = "<group>";
		};
		611ED1121CB70D39005B5563 /* Products */ = {
			isa = PBXGroup;
			children = (
				611ED1111CB70D39005B5563 /* RxPasscode.app */,
			);
			name = Products;
			sourceTree = "<group>";
		};
		611ED1131CB70D39005B5563 /* RxPasscode */ = {
			isa = PBXGroup;
			children = (
				611ED1141CB70D39005B5563 /* AppDelegate.swift */,
				611ED1161CB70D39005B5563 /* ViewController.swift */,
				611ED1181CB70D39005B5563 /* Main.storyboard */,
				611ED11B1CB70D39005B5563 /* Assets.xcassets */,
				611ED11D1CB70D39005B5563 /* LaunchScreen.storyboard */,
				611ED1201CB70D39005B5563 /* Info.plist */,
			);
			path = RxPasscode;
			sourceTree = "<group>";
		};
/* End PBXGroup section */

/* Begin PBXNativeTarget section */
		611ED1101CB70D39005B5563 /* RxPasscode */ = {
			isa = PBXNativeTarget;
			buildConfigurationList = 611ED1231CB70D39005B5563 /* Build configuration list for PBXNativeTarget "RxPasscode" */;
			buildPhases = (
				611ED10D1CB70D39005B5563 /* Sources */,
				611ED10E1CB70D39005B5563 /* Frameworks */,
				611ED10F1CB70D39005B5563 /* Resources */,
			);
			buildRules = (
			);
			dependencies = (
			);
			name = RxPasscode;
			productName = RxPasscode;
			productReference = 611ED1111CB70D39005B5563 /* RxPasscode.app */;
			productType = "com.apple.product-type.application";
		};
/* End PBXNativeTarget section */

/* Begin PBXProject section */
		611ED1091CB70D39005B5563 /* Project object */ = {
			isa = PBXProject;
			attributes = {
				LastSwiftUpdateCheck = 0730;
				LastUpgradeCheck = 0730;
				ORGANIZATIONNAME = RxPasscode;
				TargetAttributes = {
					611ED1101CB70D39005B5563 = {
						CreatedOnToolsVersion = 7.3;
					};
				};
			};
			buildConfigurationList = 611ED10C1CB70D39005B5563 /* Build configuration list for PBXProject "RxPasscode" */;
			compatibilityVersion = "Xcode 3.2";
			developmentRegion = English;
			hasScannedForEncodings = 0;
			knownRegions = (
				en,
				Base,
			);
			mainGroup = 611ED1081CB70D39005B5563;
			productRefGroup = 611ED1121CB70D39005B5563 /* Products */;
			projectDirPath = "";
			projectRoot = "";
			targets = (
				611ED1101CB70D39005B5563 /* RxPasscode */,
			);
		};
/* End PBXProject section */

/* Begin PBXResourcesBuildPhase section */
		611ED10F1CB70D39005B5563 /* Resources */ = {
			isa = PBXResourcesBuildPhase;
			buildActionMask = 2147483647;
			files = (
				611ED11F1CB70D39005B5563 /* LaunchScreen.storyboard in Resources */,
				611ED11C1CB70D39005B5563 /* Assets.xcassets in Resources */,
				611ED11A1CB70D39005B5563 /* Main.storyboard in Resources */,
			);
			runOnlyForDeploymentPostprocessing = 0;
		};
/* End PBXResourcesBuildPhase section */

/* Begin PBXSourcesBuildPhase section */
		611ED10D1CB70D39005B5563 /* Sources */ = {
			isa = PBXSourcesBuildPhase;
			buildActionMask = 2147483647;
			files = (
				611ED1171CB70D39005B5563 /* ViewController.swift in Sources */,
				611ED1151CB70D39005B5563 /* AppDelegate.swift in Sources */,
			);
			runOnlyForDeploymentPostprocessing = 0;
		};
/* End PBXSourcesBuildPhase section */

/* Begin PBXVariantGroup section */
		611ED1181CB70D39005B5563 /* Main.storyboard */ = {
			isa = PBXVariantGroup;
			children = (
				611ED1191CB70D39005B5563 /* Base */,
			);
			name = Main.storyboard;
			sourceTree = "<group>";
		};
		611ED11D1CB70D39005B5563 /* LaunchScreen.storyboard */ = {
			isa = PBXVariantGroup;
			children = (
				611ED11E1CB70D39005B5563 /* Base */,
			);
			name = LaunchScreen.storyboard;
			sourceTree = "<group>";
		};
/* End PBXVariantGroup section */

/* Begin XCBuildConfiguration section */
		611ED1211CB70D39005B5563 /* Debug */ = {
			isa = XCBuildConfiguration;
			buildSettings = {
				ALWAYS_SEARCH_USER_PATHS = NO;
				CLANG_ANALYZER_NONNULL = YES;
				CLANG_CXX_LANGUAGE_STANDARD = "gnu++0x";
				CLANG_CXX_LIBRARY = "libc++";
				CLANG_ENABLE_MODULES = YES;
				CLANG_ENABLE_OBJC_ARC = YES;
				CLANG_WARN_BOOL_CONVERSION = YES;
				CLANG_WARN_CONSTANT_CONVERSION = YES;
				CLANG_WARN_DIRECT_OBJC_ISA_USAGE = YES_ERROR;
				CLANG_WARN_EMPTY_BODY = YES;
				CLANG_WARN_ENUM_CONVERSION = YES;
				CLANG_WARN_INT_CONVERSION = YES;
				CLANG_WARN_OBJC_ROOT_CLASS = YES_ERROR;
				CLANG_WARN_UNREACHABLE_CODE = YES;
				CLANG_WARN__DUPLICATE_METHOD_MATCH = YES;
				"CODE_SIGN_IDENTITY[sdk=iphoneos*]" = "iPhone Developer";
				COPY_PHASE_STRIP = NO;
				DEBUG_INFORMATION_FORMAT = dwarf;
				ENABLE_STRICT_OBJC_MSGSEND = YES;
				ENABLE_TESTABILITY = YES;
				GCC_C_LANGUAGE_STANDARD = gnu99;
				GCC_DYNAMIC_NO_PIC = NO;
				GCC_NO_COMMON_BLOCKS = YES;
				GCC_OPTIMIZATION_LEVEL = 0;
				GCC_PREPROCESSOR_DEFINITIONS = (
					"DEBUG=1",
					"$(inherited)",
				);
				GCC_WARN_64_TO_32_BIT_CONVERSION = YES;
				GCC_WARN_ABOUT_RETURN_TYPE = YES_ERROR;
				GCC_WARN_UNDECLARED_SELECTOR = YES;
				GCC_WARN_UNINITIALIZED_AUTOS = YES_AGGRESSIVE;
				GCC_WARN_UNUSED_FUNCTION = YES;
				GCC_WARN_UNUSED_VARIABLE = YES;
				IPHONEOS_DEPLOYMENT_TARGET = 9.3;
				MTL_ENABLE_DEBUG_INFO = YES;
				ONLY_ACTIVE_ARCH = YES;
				SDKROOT = iphoneos;
				SWIFT_OPTIMIZATION_LEVEL = "-Onone";
			};
			name = Debug;
		};
		611ED1221CB70D39005B5563 /* Release */ = {
			isa = XCBuildConfiguration;
			buildSettings = {
				ALWAYS_SEARCH_USER_PATHS = NO;
				CLANG_ANALYZER_NONNULL = YES;
				CLANG_CXX_LANGUAGE_STANDARD = "gnu++0x";
				CLANG_CXX_LIBRARY = "libc++";
				CLANG_ENABLE_MODULES = YES;
				CLANG_ENABLE_OBJC_ARC = YES;
				CLANG_WARN_BOOL_CONVERSION = YES;
				CLANG_WARN_CONSTANT_CONVERSION = YES;
				CLANG_WARN_DIRECT_OBJC_ISA_USAGE = YES_ERROR;
				CLANG_WARN_EMPTY_BODY = YES;
				CLANG_WARN_ENUM_CONVERSION = YES;
				CLANG_WARN_INT_CONVERSION = YES;
				CLANG_WARN_OBJC_ROOT_CLASS = YES_ERROR;
				CLANG_WARN_UNREACHABLE_CODE = YES;
				CLANG_WARN__DUPLICATE_METHOD_MATCH = YES;
				"CODE_SIGN_IDENTITY[sdk=iphoneos*]" = "iPhone Developer";
				COPY_PHASE_STRIP = NO;
				DEBUG_INFORMATION_FORMAT = "dwarf-with-dsym";
				ENABLE_NS_ASSERTIONS = NO;
				ENABLE_STRICT_OBJC_MSGSEND = YES;
				GCC_C_LANGUAGE_STANDARD = gnu99;
				GCC_NO_COMMON_BLOCKS = YES;
				GCC_WARN_64_TO_32_BIT_CONVERSION = YES;
				GCC_WARN_ABOUT_RETURN_TYPE = YES_ERROR;
				GCC_WARN_UNDECLARED_SELECTOR = YES;
				GCC_WARN_UNINITIALIZED_AUTOS = YES_AGGRESSIVE;
				GCC_WARN_UNUSED_FUNCTION = YES;
				GCC_WARN_UNUSED_VARIABLE = YES;
				IPHONEOS_DEPLOYMENT_TARGET = 9.3;
				MTL_ENABLE_DEBUG_INFO = NO;
				SDKROOT = iphoneos;
				VALIDATE_PRODUCT = YES;
			};
			name = Release;
		};
		611ED1241CB70D39005B5563 /* Debug */ = {
			isa = XCBuildConfiguration;
			buildSettings = {
				ASSETCATALOG_COMPILER_APPICON_NAME = AppIcon;
				INFOPLIST_FILE = RxPasscode/Info.plist;
				LD_RUNPATH_SEARCH_PATHS = "$(inherited) @executable_path/Frameworks";
				PRODUCT_BUNDLE_IDENTIFIER = co.amleszk.rxpasscode.RxPasscode;
				PRODUCT_NAME = "$(TARGET_NAME)";
			};
			name = Debug;
		};
		611ED1251CB70D39005B5563 /* Release */ = {
			isa = XCBuildConfiguration;
			buildSettings = {
				ASSETCATALOG_COMPILER_APPICON_NAME = AppIcon;
				INFOPLIST_FILE = RxPasscode/Info.plist;
				LD_RUNPATH_SEARCH_PATHS = "$(inherited) @executable_path/Frameworks";
				PRODUCT_BUNDLE_IDENTIFIER = co.amleszk.rxpasscode.RxPasscode;
				PRODUCT_NAME = "$(TARGET_NAME)";
			};
			name = Release;
		};
/* End XCBuildConfiguration section */

/* Begin XCConfigurationList section */
		611ED10C1CB70D39005B5563 /* Build configuration list for PBXProject "RxPasscode" */ = {
			isa = XCConfigurationList;
			buildConfigurations = (
				611ED1211CB70D39005B5563 /* Debug */,
				611ED1221CB70D39005B5563 /* Release */,
			);
			defaultConfigurationIsVisible = 0;
			defaultConfigurationName = Release;
		};
		611ED1231CB70D39005B5563 /* Build configuration list for PBXNativeTarget "RxPasscode" */ = {
			isa = XCConfigurationList;
			buildConfigurations = (
				611ED1241CB70D39005B5563 /* Debug */,
				611ED1251CB70D39005B5563 /* Release */,
			);
			defaultConfigurationIsVisible = 0;
		};
/* End XCConfigurationList section */
	};
	rootObject = 611ED1091CB70D39005B5563 /* Project object */;
}
